
Microsoft Visual Studio Solution File, Format Version 12.00
# Visual Studio 15
VisualStudioVersion = 15.0.28307.329
MinimumVisualStudioVersion = 10.0.40219.1
Project("{FAE04EC0-301F-11D3-BF4B-00C04F79EFBC}") = "Data_Entry_App", "Data_Entry_App\Data_Entry_App.csproj", "{B4DC8850-EE99-4960-BB2C-40B4B5AF642E}"
EndProject
Global
	GlobalSection(SolutionConfigurationPlatforms) = preSolution
		Debug|Any CPU = Debug|Any CPU
		Release|Any CPU = Release|Any CPU
	EndGlobalSection
	GlobalSection(ProjectConfigurationPlatforms) = postSolution
		{B4DC8850-EE99-4960-BB2C-40B4B5AF642E}.Debug|Any CPU.ActiveCfg = Debug|Any CPU
		{B4DC8850-EE99-4960-BB2C-40B4B5AF642E}.Debug|Any CPU.Build.0 = Debug|Any CPU
		{B4DC8850-EE99-4960-BB2C-40B4B5AF642E}.Release|Any CPU.ActiveCfg = Release|Any CPU
		{B4DC8850-EE99-4960-BB2C-40B4B5AF642E}.Release|Any CPU.Build.0 = Release|Any CPU
	EndGlobalSection
	GlobalSection(SolutionProperties) = preSolution
		HideSolutionNode = FALSE
	EndGlobalSection
	GlobalSection(ExtensibilityGlobals) = postSolution
		SolutionGuid = {3FE9FBB4-8FE0-4944-AFA5-8CE4E8D999BE}
	EndGlobalSection
EndGlobal
